PODS:
  - Nimble (7.0.1)
  - Quick (1.1.0)
  - TvCodeScreen (0.1.1)

DEPENDENCIES:
  - Nimble
  - Quick
  - TvCodeScreen (from `.`)

EXTERNAL SOURCES:
  TvCodeScreen:
    :path: .

SPEC CHECKSUMS:
  Nimble: 657d000e11df8aebe27cdaf9d244de7f30ed87f7
  Quick: dafc587e21eed9f4cab3249b9f9015b0b7a7f71d
  TvCodeScreen: a54e83288e3a56275b8edca83246e2e6ddcb494f

PODFILE CHECKSUM: ec1076d914698d20daea773c7109b35c100ef870

COCOAPODS: 1.2.1
